
Microsoft Visual Studio Solution File, Format Version 12.00
# Visual Studio Version 16
VisualStudioVersion = 16.0.32126.315
MinimumVisualStudioVersion = 10.0.40219.1
Project("{FAE04EC0-301F-11D3-BF4B-00C04F79EFBC}") = "PAC_Desarrollo_UF1_SanchezLopez_VictorMiguel", "PAC_Desarrollo_UF1_SanchezLopez_VictorMiguel.csproj", "{638CB3F2-E90C-4ED3-9A46-C4CFB43B6C55}"
EndProject
Global
	GlobalSection(SolutionConfigurationPlatforms) = preSolution
		Debug|Any CPU = Debug|Any CPU
		Release|Any CPU = Release|Any CPU
	EndGlobalSection
	GlobalSection(ProjectConfigurationPlatforms) = postSolution
		{638CB3F2-E90C-4ED3-9A46-C4CFB43B6C55}.Debug|Any CPU.ActiveCfg = Debug|Any CPU
		{638CB3F2-E90C-4ED3-9A46-C4CFB43B6C55}.Debug|Any CPU.Build.0 = Debug|Any CPU
		{638CB3F2-E90C-4ED3-9A46-C4CFB43B6C55}.Release|Any CPU.ActiveCfg = Release|Any CPU
		{638CB3F2-E90C-4ED3-9A46-C4CFB43B6C55}.Release|Any CPU.Build.0 = Release|Any CPU
	EndGlobalSection
	GlobalSection(SolutionProperties) = preSolution
		HideSolutionNode = FALSE
	EndGlobalSection
	GlobalSection(ExtensibilityGlobals) = postSolution
		SolutionGuid = {2FF1A7BA-B170-4B09-88F2-06C9E46B6CB8}
	EndGlobalSection
EndGlobal
