
Microsoft Visual Studio Solution File, Format Version 12.00
# Visual Studio Version 16
VisualStudioVersion = 16.0.32126.315
MinimumVisualStudioVersion = 10.0.40219.1
Project("{FAE04EC0-301F-11D3-BF4B-00C04F79EFBC}") = "Pildoras_Informaticas", "Pildoras_Informaticas.csproj", "{929FA5DB-D984-46F8-B9E5-CBE148E01CDA}"
EndProject
Global
	GlobalSection(SolutionConfigurationPlatforms) = preSolution
		Debug|Any CPU = Debug|Any CPU
		Release|Any CPU = Release|Any CPU
	EndGlobalSection
	GlobalSection(ProjectConfigurationPlatforms) = postSolution
		{929FA5DB-D984-46F8-B9E5-CBE148E01CDA}.Debug|Any CPU.ActiveCfg = Debug|Any CPU
		{929FA5DB-D984-46F8-B9E5-CBE148E01CDA}.Debug|Any CPU.Build.0 = Debug|Any CPU
		{929FA5DB-D984-46F8-B9E5-CBE148E01CDA}.Release|Any CPU.ActiveCfg = Release|Any CPU
		{929FA5DB-D984-46F8-B9E5-CBE148E01CDA}.Release|Any CPU.Build.0 = Release|Any CPU
	EndGlobalSection
	GlobalSection(SolutionProperties) = preSolution
		HideSolutionNode = FALSE
	EndGlobalSection
	GlobalSection(ExtensibilityGlobals) = postSolution
		SolutionGuid = {FAE53064-85C0-40A7-A6FC-30F9354FC56E}
	EndGlobalSection
EndGlobal
